
Microsoft Visual Studio Solution File, Format Version 12.00
# Visual Studio 14
VisualStudioVersion = 14.0.25123.0
MinimumVisualStudioVersion = 10.0.40219.1
Project("{FAE04EC0-301F-11D3-BF4B-00C04F79EFBC}") = "EFCore", "EFCore\EFCore.csproj", "{5996B73E-6E8F-402C-A921-0207F551D679}"
EndProject
Project("{FAE04EC0-301F-11D3-BF4B-00C04F79EFBC}") = "EFData", "EFData\EFData.csproj", "{96D3BCEB-D635-419A-9F95-5BA8BD3D2F13}"
EndProject
Project("{FAE04EC0-301F-11D3-BF4B-00C04F79EFBC}") = "ConsoleClientModelFirst", "ConsoleClientModelFirst\ConsoleClientModelFirst.csproj", "{4D10E433-5002-43FA-90D8-4503827F418E}"
EndProject
Project("{2150E333-8FDC-42A3-9474-1A3956D46DE8}") = "Cliente", "Cliente", "{45FEBD0C-B654-44FF-9B2B-88D90B9155DE}"
EndProject
Project("{FAE04EC0-301F-11D3-BF4B-00C04F79EFBC}") = "TFG.WebClient", "..\TFG.WebClient\Inspinia_MVC5_SeedProject\TFG.WebClient.csproj", "{86CADB26-5817-46B6-88C7-76D5753722C3}"
EndProject
Project("{2150E333-8FDC-42A3-9474-1A3956D46DE8}") = "API", "API", "{6809E1E5-F033-4061-A4CD-982853C923EE}"
EndProject
Project("{FAE04EC0-301F-11D3-BF4B-00C04F79EFBC}") = "TFG.Api", "TFG.Api\TFG.Api.csproj", "{0CD2F6BE-C163-454B-B14B-DA132FAD01AB}"
EndProject
Project("{FAE04EC0-301F-11D3-BF4B-00C04F79EFBC}") = "TFG.Api.Tests", "TFG.Api.Tests\TFG.Api.Tests.csproj", "{6FBD841E-7293-4DBB-8BF9-0290605F310B}"
EndProject
Project("{FAE04EC0-301F-11D3-BF4B-00C04F79EFBC}") = "TFG.Contrato", "TFG.Contrato\TFG.Contrato.csproj", "{9A3F7D94-F9AB-4B90-B1A3-E327332ECE59}"
EndProject
Global
	GlobalSection(SolutionConfigurationPlatforms) = preSolution
		Debug|Any CPU = Debug|Any CPU
		Release|Any CPU = Release|Any CPU
	EndGlobalSection
	GlobalSection(ProjectConfigurationPlatforms) = postSolution
		{5996B73E-6E8F-402C-A921-0207F551D679}.Debug|Any CPU.ActiveCfg = Debug|Any CPU
		{5996B73E-6E8F-402C-A921-0207F551D679}.Debug|Any CPU.Build.0 = Debug|Any CPU
		{5996B73E-6E8F-402C-A921-0207F551D679}.Release|Any CPU.ActiveCfg = Release|Any CPU
		{5996B73E-6E8F-402C-A921-0207F551D679}.Release|Any CPU.Build.0 = Release|Any CPU
		{96D3BCEB-D635-419A-9F95-5BA8BD3D2F13}.Debug|Any CPU.ActiveCfg = Debug|Any CPU
		{96D3BCEB-D635-419A-9F95-5BA8BD3D2F13}.Debug|Any CPU.Build.0 = Debug|Any CPU
		{96D3BCEB-D635-419A-9F95-5BA8BD3D2F13}.Release|Any CPU.ActiveCfg = Release|Any CPU
		{96D3BCEB-D635-419A-9F95-5BA8BD3D2F13}.Release|Any CPU.Build.0 = Release|Any CPU
		{4D10E433-5002-43FA-90D8-4503827F418E}.Debug|Any CPU.ActiveCfg = Debug|Any CPU
		{4D10E433-5002-43FA-90D8-4503827F418E}.Debug|Any CPU.Build.0 = Debug|Any CPU
		{4D10E433-5002-43FA-90D8-4503827F418E}.Release|Any CPU.ActiveCfg = Release|Any CPU
		{4D10E433-5002-43FA-90D8-4503827F418E}.Release|Any CPU.Build.0 = Release|Any CPU
		{86CADB26-5817-46B6-88C7-76D5753722C3}.Debug|Any CPU.ActiveCfg = Debug|Any CPU
		{86CADB26-5817-46B6-88C7-76D5753722C3}.Debug|Any CPU.Build.0 = Debug|Any CPU
		{86CADB26-5817-46B6-88C7-76D5753722C3}.Release|Any CPU.ActiveCfg = Release|Any CPU
		{86CADB26-5817-46B6-88C7-76D5753722C3}.Release|Any CPU.Build.0 = Release|Any CPU
		{0CD2F6BE-C163-454B-B14B-DA132FAD01AB}.Debug|Any CPU.ActiveCfg = Debug|Any CPU
		{0CD2F6BE-C163-454B-B14B-DA132FAD01AB}.Debug|Any CPU.Build.0 = Debug|Any CPU
		{0CD2F6BE-C163-454B-B14B-DA132FAD01AB}.Release|Any CPU.ActiveCfg = Release|Any CPU
		{0CD2F6BE-C163-454B-B14B-DA132FAD01AB}.Release|Any CPU.Build.0 = Release|Any CPU
		{6FBD841E-7293-4DBB-8BF9-0290605F310B}.Debug|Any CPU.ActiveCfg = Debug|Any CPU
		{6FBD841E-7293-4DBB-8BF9-0290605F310B}.Debug|Any CPU.Build.0 = Debug|Any CPU
		{6FBD841E-7293-4DBB-8BF9-0290605F310B}.Release|Any CPU.ActiveCfg = Release|Any CPU
		{6FBD841E-7293-4DBB-8BF9-0290605F310B}.Release|Any CPU.Build.0 = Release|Any CPU
		{9A3F7D94-F9AB-4B90-B1A3-E327332ECE59}.Debug|Any CPU.ActiveCfg = Debug|Any CPU
		{9A3F7D94-F9AB-4B90-B1A3-E327332ECE59}.Debug|Any CPU.Build.0 = Debug|Any CPU
		{9A3F7D94-F9AB-4B90-B1A3-E327332ECE59}.Release|Any CPU.ActiveCfg = Release|Any CPU
		{9A3F7D94-F9AB-4B90-B1A3-E327332ECE59}.Release|Any CPU.Build.0 = Release|Any CPU
	EndGlobalSection
	GlobalSection(SolutionProperties) = preSolution
		HideSolutionNode = FALSE
	EndGlobalSection
	GlobalSection(NestedProjects) = preSolution
		{4D10E433-5002-43FA-90D8-4503827F418E} = {45FEBD0C-B654-44FF-9B2B-88D90B9155DE}
		{86CADB26-5817-46B6-88C7-76D5753722C3} = {45FEBD0C-B654-44FF-9B2B-88D90B9155DE}
		{0CD2F6BE-C163-454B-B14B-DA132FAD01AB} = {6809E1E5-F033-4061-A4CD-982853C923EE}
		{6FBD841E-7293-4DBB-8BF9-0290605F310B} = {6809E1E5-F033-4061-A4CD-982853C923EE}
	EndGlobalSection
EndGlobal
